
Microsoft Visual Studio Solution File, Format Version 12.00
# Visual Studio Version 17
VisualStudioVersion = 17.4.33213.308
MinimumVisualStudioVersion = 10.0.40219.1
Project("{2150E333-8FDC-42A3-9474-1A3956D46DE8}") = "Experience", "Experience", "{12FA1970-9379-4EC5-A863-8DA2182FB342}"
EndProject
Project("{2150E333-8FDC-42A3-9474-1A3956D46DE8}") = "Application", "Application", "{92346257-C41A-4ED6-9ED3-7C5766944D65}"
EndProject
Project("{9A19103F-16F7-4668-BE54-9A1E7A4F7556}") = "HularionExperience", "HularionExperience\HularionExperience.csproj", "{51C26D92-F7D6-4842-8FD4-4F2A57D3A7AC}"
EndProject
Project("{2150E333-8FDC-42A3-9474-1A3956D46DE8}") = "HXPackages", "HXPackages", "{87331E69-9D0E-43A9-A27C-F67B96E52F93}"
EndProject
Project("{9A19103F-16F7-4668-BE54-9A1E7A4F7556}") = "HXCore", "HXCore\HXCore.csproj", "{773FB873-4C14-4D34-93A4-555AC5467FAE}"
EndProject
Project("{2150E333-8FDC-42A3-9474-1A3956D46DE8}") = "Environment", "Environment", "{D92BCB4A-8DB4-4FB8-8A06-9A4FCBEB40FC}"
EndProject
Project("{9A19103F-16F7-4668-BE54-9A1E7A4F7556}") = "HularionExperience.Embedded", "HularionExperience.Embedded\HularionExperience.Embedded.csproj", "{049A064F-010B-40DF-8DC7-4D34ABDABA6D}"
EndProject
Project("{9A19103F-16F7-4668-BE54-9A1E7A4F7556}") = "HularionDeveloper", "HularionDeveloper\HularionDeveloper.csproj", "{083631B2-26B3-4CD2-BB46-2F9A20DB06B6}"
EndProject
Project("{9A19103F-16F7-4668-BE54-9A1E7A4F7556}") = "HularionPlayer", "HularionPlayer\HularionPlayer.csproj", "{B59DDA39-F7B8-473D-B3FF-2F2113D63305}"
EndProject
Project("{9A19103F-16F7-4668-BE54-9A1E7A4F7556}") = "HXUserState", "HXUserState\HXUserState.csproj", "{132B4D45-97FC-4918-A8A0-246F4E5D63DD}"
EndProject
Project("{2150E333-8FDC-42A3-9474-1A3956D46DE8}") = "HXFileDialog", "HXFileDialog", "{440E6692-403E-44D5-8C05-5C4FBE6708E8}"
EndProject
Project("{9A19103F-16F7-4668-BE54-9A1E7A4F7556}") = "HXFileDialogControl", "HXFileDialogControl\HXFileDialogControl.csproj", "{6C14990A-B998-4957-A14C-9E551C888CBC}"
EndProject
Project("{9A19103F-16F7-4668-BE54-9A1E7A4F7556}") = "HXFileDialog", "HXFileDialog\HXFileDialog.csproj", "{2DC8F7B6-EEAF-4B47-9E0E-8AFF17FD7FC2}"
EndProject
Project("{2150E333-8FDC-42A3-9474-1A3956D46DE8}") = "Core", "Core", "{D85FA31F-4238-4AE6-9939-7F6629AD246B}"
EndProject
Project("{2150E333-8FDC-42A3-9474-1A3956D46DE8}") = "Mesh", "Mesh", "{14891232-DAF9-4610-8A35-55F64DF2BF40}"
EndProject
Project("{2150E333-8FDC-42A3-9474-1A3956D46DE8}") = "Plugin", "Plugin", "{25671595-ACC9-4891-A465-2BDB0C86332D}"
EndProject
Project("{2150E333-8FDC-42A3-9474-1A3956D46DE8}") = "Text", "Text", "{73F28606-2C4E-47B3-A336-890329ECE501}"
EndProject
Project("{9A19103F-16F7-4668-BE54-9A1E7A4F7556}") = "HularionCore", "HularionCore\HularionCore.csproj", "{2288685C-A540-4E59-B842-527B01B397A7}"
EndProject
Project("{9A19103F-16F7-4668-BE54-9A1E7A4F7556}") = "HularionMesh", "HularionMesh\HularionMesh.csproj", "{9F548E10-73DB-4798-A282-7E083880F2B1}"
EndProject
Project("{9A19103F-16F7-4668-BE54-9A1E7A4F7556}") = "HularionMesh.Connector.Postgres", "HularionMesh.Connector.Postgres\HularionMesh.Connector.Postgres.csproj", "{277901B8-8296-4F11-B30D-524A3B9C38AD}"
EndProject
Project("{9A19103F-16F7-4668-BE54-9A1E7A4F7556}") = "HularionMesh.Connector.HularionDataFile", "HularionMesh.Connector.HularionDataFile\HularionMesh.Connector.HularionDataFile.csproj", "{AA008F8E-6016-4B4A-A2C5-287912DE6752}"
EndProject
Project("{9A19103F-16F7-4668-BE54-9A1E7A4F7556}") = "HularionMesh.Connector.Sqlite", "HularionMesh.Connector.Sqlite\HularionMesh.Connector.Sqlite.csproj", "{A7B7FFA1-2711-4569-8A38-07E752BE0967}"
EndProject
Project("{9A19103F-16F7-4668-BE54-9A1E7A4F7556}") = "HularionMesh.Translator.SqlBase", "HularionMesh.Translator.SqlBase\HularionMesh.Translator.SqlBase.csproj", "{B81FD6BC-D801-479C-AEF1-8FC16868BD98}"
EndProject
Project("{9A19103F-16F7-4668-BE54-9A1E7A4F7556}") = "HularionMesh.Serializer.Json", "HularionMesh.Serializer.Json\HularionMesh.Serializer.Json.csproj", "{5320CD39-1A9B-4666-9790-04097878E282}"
EndProject
Project("{9A19103F-16F7-4668-BE54-9A1E7A4F7556}") = "HularionPlugin", "HularionPlugin\HularionPlugin.csproj", "{4BC3FB7C-41FD-4486-A431-31B6E7834FCD}"
EndProject
Project("{9A19103F-16F7-4668-BE54-9A1E7A4F7556}") = "HularionPlugin.FileSystem", "HularionPlugin.FileSystem\HularionPlugin.FileSystem.csproj", "{1BCFBD00-6FB5-485B-AFE1-96D00000C36C}"
EndProject
Project("{9A19103F-16F7-4668-BE54-9A1E7A4F7556}") = "HularionPlugin.PluginMeta", "HularionPlugin.PluginMeta\HularionPlugin.PluginMeta.csproj", "{8070A330-AFF0-4006-9490-60C6658BEF9B}"
EndProject
Project("{9A19103F-16F7-4668-BE54-9A1E7A4F7556}") = "HularionPlugin.RouteRegistrar", "HularionPlugin.RouteRegistrar\HularionPlugin.RouteRegistrar.csproj", "{371D65F0-E4F8-47A9-979F-FAA820242E7A}"
EndProject
Project("{9A19103F-16F7-4668-BE54-9A1E7A4F7556}") = "HularionText", "HularionText\HularionText.csproj", "{FED7C62E-3CD8-4C2E-BF45-1A42ED161804}"
EndProject
Project("{9A19103F-16F7-4668-BE54-9A1E7A4F7556}") = "HularionText.Language.Css", "HularionText.Language.Css\HularionText.Language.Css.csproj", "{202E4265-2819-409F-9454-D39DD6E56E27}"
EndProject
Project("{9A19103F-16F7-4668-BE54-9A1E7A4F7556}") = "HularionText.Language.Hmql", "HularionText.Language.Hmql\HularionText.Language.Hmql.csproj", "{1DF0348F-1989-4746-BB0D-7D633FF2D30F}"
EndProject
Project("{9A19103F-16F7-4668-BE54-9A1E7A4F7556}") = "HularionText.Language.Json", "HularionText.Language.Json\HularionText.Language.Json.csproj", "{4DA52DB2-E1E9-4C1E-BE36-B8031DC7F5BC}"
EndProject
Project("{9A19103F-16F7-4668-BE54-9A1E7A4F7556}") = "HularionText.Language.Html", "HularionText.Language.Html\HularionText.Language.Html.csproj", "{8954F9BF-D8C8-47AC-8D41-C93E3C1381D5}"
EndProject
Project("{9A19103F-16F7-4668-BE54-9A1E7A4F7556}") = "HularionExperienceFeature", "HularionExperienceFeature\HularionExperienceFeature.csproj", "{469AB05D-E222-40DE-B200-AF80EA0D4A90}"
EndProject
Project("{9A19103F-16F7-4668-BE54-9A1E7A4F7556}") = "HXProjectDeveloper", "HXProjectDeveloper\HXProjectDeveloper.csproj", "{263B930F-4E47-4D46-ACD4-4C417BF17CB4}"
EndProject
Project("{FAE04EC0-301F-11D3-BF4B-00C04F79EFBC}") = "HularionText.Language.Xml", "HularionText.Language.Xml\HularionText.Language.Xml.csproj", "{A03B147C-FC30-4548-9EBF-4C22A8F94B54}"
EndProject
Global
	GlobalSection(SolutionConfigurationPlatforms) = preSolution
		Debug|Any CPU = Debug|Any CPU
		Debug|x64 = Debug|x64
		Release|Any CPU = Release|Any CPU
		Release|x64 = Release|x64
	EndGlobalSection
	GlobalSection(ProjectConfigurationPlatforms) = postSolution
		{51C26D92-F7D6-4842-8FD4-4F2A57D3A7AC}.Debug|Any CPU.ActiveCfg = Debug|Any CPU
		{51C26D92-F7D6-4842-8FD4-4F2A57D3A7AC}.Debug|Any CPU.Build.0 = Debug|Any CPU
		{51C26D92-F7D6-4842-8FD4-4F2A57D3A7AC}.Debug|x64.ActiveCfg = Debug|Any CPU
		{51C26D92-F7D6-4842-8FD4-4F2A57D3A7AC}.Debug|x64.Build.0 = Debug|Any CPU
		{51C26D92-F7D6-4842-8FD4-4F2A57D3A7AC}.Release|Any CPU.ActiveCfg = Release|Any CPU
		{51C26D92-F7D6-4842-8FD4-4F2A57D3A7AC}.Release|Any CPU.Build.0 = Release|Any CPU
		{51C26D92-F7D6-4842-8FD4-4F2A57D3A7AC}.Release|x64.ActiveCfg = Release|Any CPU
		{51C26D92-F7D6-4842-8FD4-4F2A57D3A7AC}.Release|x64.Build.0 = Release|Any CPU
		{773FB873-4C14-4D34-93A4-555AC5467FAE}.Debug|Any CPU.ActiveCfg = Debug|Any CPU
		{773FB873-4C14-4D34-93A4-555AC5467FAE}.Debug|Any CPU.Build.0 = Debug|Any CPU
		{773FB873-4C14-4D34-93A4-555AC5467FAE}.Debug|x64.ActiveCfg = Debug|Any CPU
		{773FB873-4C14-4D34-93A4-555AC5467FAE}.Debug|x64.Build.0 = Debug|Any CPU
		{773FB873-4C14-4D34-93A4-555AC5467FAE}.Release|Any CPU.ActiveCfg = Release|Any CPU
		{773FB873-4C14-4D34-93A4-555AC5467FAE}.Release|Any CPU.Build.0 = Release|Any CPU
		{773FB873-4C14-4D34-93A4-555AC5467FAE}.Release|x64.ActiveCfg = Release|Any CPU
		{773FB873-4C14-4D34-93A4-555AC5467FAE}.Release|x64.Build.0 = Release|Any CPU
		{049A064F-010B-40DF-8DC7-4D34ABDABA6D}.Debug|Any CPU.ActiveCfg = Debug|Any CPU
		{049A064F-010B-40DF-8DC7-4D34ABDABA6D}.Debug|Any CPU.Build.0 = Debug|Any CPU
		{049A064F-010B-40DF-8DC7-4D34ABDABA6D}.Debug|x64.ActiveCfg = Debug|Any CPU
		{049A064F-010B-40DF-8DC7-4D34ABDABA6D}.Debug|x64.Build.0 = Debug|Any CPU
		{049A064F-010B-40DF-8DC7-4D34ABDABA6D}.Release|Any CPU.ActiveCfg = Release|Any CPU
		{049A064F-010B-40DF-8DC7-4D34ABDABA6D}.Release|Any CPU.Build.0 = Release|Any CPU
		{049A064F-010B-40DF-8DC7-4D34ABDABA6D}.Release|x64.ActiveCfg = Release|Any CPU
		{049A064F-010B-40DF-8DC7-4D34ABDABA6D}.Release|x64.Build.0 = Release|Any CPU
		{083631B2-26B3-4CD2-BB46-2F9A20DB06B6}.Debug|Any CPU.ActiveCfg = Debug|Any CPU
		{083631B2-26B3-4CD2-BB46-2F9A20DB06B6}.Debug|Any CPU.Build.0 = Debug|Any CPU
		{083631B2-26B3-4CD2-BB46-2F9A20DB06B6}.Debug|x64.ActiveCfg = Debug|Any CPU
		{083631B2-26B3-4CD2-BB46-2F9A20DB06B6}.Debug|x64.Build.0 = Debug|Any CPU
		{083631B2-26B3-4CD2-BB46-2F9A20DB06B6}.Release|Any CPU.ActiveCfg = Release|Any CPU
		{083631B2-26B3-4CD2-BB46-2F9A20DB06B6}.Release|Any CPU.Build.0 = Release|Any CPU
		{083631B2-26B3-4CD2-BB46-2F9A20DB06B6}.Release|x64.ActiveCfg = Release|Any CPU
		{083631B2-26B3-4CD2-BB46-2F9A20DB06B6}.Release|x64.Build.0 = Release|Any CPU
		{B59DDA39-F7B8-473D-B3FF-2F2113D63305}.Debug|Any CPU.ActiveCfg = Debug|Any CPU
		{B59DDA39-F7B8-473D-B3FF-2F2113D63305}.Debug|Any CPU.Build.0 = Debug|Any CPU
		{B59DDA39-F7B8-473D-B3FF-2F2113D63305}.Debug|x64.ActiveCfg = Debug|Any CPU
		{B59DDA39-F7B8-473D-B3FF-2F2113D63305}.Debug|x64.Build.0 = Debug|Any CPU
		{B59DDA39-F7B8-473D-B3FF-2F2113D63305}.Release|Any CPU.ActiveCfg = Release|Any CPU
		{B59DDA39-F7B8-473D-B3FF-2F2113D63305}.Release|Any CPU.Build.0 = Release|Any CPU
		{B59DDA39-F7B8-473D-B3FF-2F2113D63305}.Release|x64.ActiveCfg = Release|Any CPU
		{B59DDA39-F7B8-473D-B3FF-2F2113D63305}.Release|x64.Build.0 = Release|Any CPU
		{132B4D45-97FC-4918-A8A0-246F4E5D63DD}.Debug|Any CPU.ActiveCfg = Debug|Any CPU
		{132B4D45-97FC-4918-A8A0-246F4E5D63DD}.Debug|Any CPU.Build.0 = Debug|Any CPU
		{132B4D45-97FC-4918-A8A0-246F4E5D63DD}.Debug|x64.ActiveCfg = Debug|Any CPU
		{132B4D45-97FC-4918-A8A0-246F4E5D63DD}.Debug|x64.Build.0 = Debug|Any CPU
		{132B4D45-97FC-4918-A8A0-246F4E5D63DD}.Release|Any CPU.ActiveCfg = Release|Any CPU
		{132B4D45-97FC-4918-A8A0-246F4E5D63DD}.Release|Any CPU.Build.0 = Release|Any CPU
		{132B4D45-97FC-4918-A8A0-246F4E5D63DD}.Release|x64.ActiveCfg = Release|Any CPU
		{132B4D45-97FC-4918-A8A0-246F4E5D63DD}.Release|x64.Build.0 = Release|Any CPU
		{6C14990A-B998-4957-A14C-9E551C888CBC}.Debug|Any CPU.ActiveCfg = Debug|Any CPU
		{6C14990A-B998-4957-A14C-9E551C888CBC}.Debug|Any CPU.Build.0 = Debug|Any CPU
		{6C14990A-B998-4957-A14C-9E551C888CBC}.Debug|x64.ActiveCfg = Debug|Any CPU
		{6C14990A-B998-4957-A14C-9E551C888CBC}.Debug|x64.Build.0 = Debug|Any CPU
		{6C14990A-B998-4957-A14C-9E551C888CBC}.Release|Any CPU.ActiveCfg = Release|Any CPU
		{6C14990A-B998-4957-A14C-9E551C888CBC}.Release|Any CPU.Build.0 = Release|Any CPU
		{6C14990A-B998-4957-A14C-9E551C888CBC}.Release|x64.ActiveCfg = Release|Any CPU
		{6C14990A-B998-4957-A14C-9E551C888CBC}.Release|x64.Build.0 = Release|Any CPU
		{2DC8F7B6-EEAF-4B47-9E0E-8AFF17FD7FC2}.Debug|Any CPU.ActiveCfg = Debug|Any CPU
		{2DC8F7B6-EEAF-4B47-9E0E-8AFF17FD7FC2}.Debug|Any CPU.Build.0 = Debug|Any CPU
		{2DC8F7B6-EEAF-4B47-9E0E-8AFF17FD7FC2}.Debug|x64.ActiveCfg = Debug|Any CPU
		{2DC8F7B6-EEAF-4B47-9E0E-8AFF17FD7FC2}.Debug|x64.Build.0 = Debug|Any CPU
		{2DC8F7B6-EEAF-4B47-9E0E-8AFF17FD7FC2}.Release|Any CPU.ActiveCfg = Release|Any CPU
		{2DC8F7B6-EEAF-4B47-9E0E-8AFF17FD7FC2}.Release|Any CPU.Build.0 = Release|Any CPU
		{2DC8F7B6-EEAF-4B47-9E0E-8AFF17FD7FC2}.Release|x64.ActiveCfg = Release|Any CPU
		{2DC8F7B6-EEAF-4B47-9E0E-8AFF17FD7FC2}.Release|x64.Build.0 = Release|Any CPU
		{2288685C-A540-4E59-B842-527B01B397A7}.Debug|Any CPU.ActiveCfg = Debug|Any CPU
		{2288685C-A540-4E59-B842-527B01B397A7}.Debug|Any CPU.Build.0 = Debug|Any CPU
		{2288685C-A540-4E59-B842-527B01B397A7}.Debug|x64.ActiveCfg = Debug|Any CPU
		{2288685C-A540-4E59-B842-527B01B397A7}.Debug|x64.Build.0 = Debug|Any CPU
		{2288685C-A540-4E59-B842-527B01B397A7}.Release|Any CPU.ActiveCfg = Release|Any CPU
		{2288685C-A540-4E59-B842-527B01B397A7}.Release|Any CPU.Build.0 = Release|Any CPU
		{2288685C-A540-4E59-B842-527B01B397A7}.Release|x64.ActiveCfg = Release|Any CPU
		{2288685C-A540-4E59-B842-527B01B397A7}.Release|x64.Build.0 = Release|Any CPU
		{9F548E10-73DB-4798-A282-7E083880F2B1}.Debug|Any CPU.ActiveCfg = Debug|Any CPU
		{9F548E10-73DB-4798-A282-7E083880F2B1}.Debug|Any CPU.Build.0 = Debug|Any CPU
		{9F548E10-73DB-4798-A282-7E083880F2B1}.Debug|x64.ActiveCfg = Debug|Any CPU
		{9F548E10-73DB-4798-A282-7E083880F2B1}.Debug|x64.Build.0 = Debug|Any CPU
		{9F548E10-73DB-4798-A282-7E083880F2B1}.Release|Any CPU.ActiveCfg = Release|Any CPU
		{9F548E10-73DB-4798-A282-7E083880F2B1}.Release|Any CPU.Build.0 = Release|Any CPU
		{9F548E10-73DB-4798-A282-7E083880F2B1}.Release|x64.ActiveCfg = Release|Any CPU
		{9F548E10-73DB-4798-A282-7E083880F2B1}.Release|x64.Build.0 = Release|Any CPU
		{277901B8-8296-4F11-B30D-524A3B9C38AD}.Debug|Any CPU.ActiveCfg = Debug|Any CPU
		{277901B8-8296-4F11-B30D-524A3B9C38AD}.Debug|Any CPU.Build.0 = Debug|Any CPU
		{277901B8-8296-4F11-B30D-524A3B9C38AD}.Debug|x64.ActiveCfg = Debug|Any CPU
		{277901B8-8296-4F11-B30D-524A3B9C38AD}.Debug|x64.Build.0 = Debug|Any CPU
		{277901B8-8296-4F11-B30D-524A3B9C38AD}.Release|Any CPU.ActiveCfg = Release|Any CPU
		{277901B8-8296-4F11-B30D-524A3B9C38AD}.Release|Any CPU.Build.0 = Release|Any CPU
		{277901B8-8296-4F11-B30D-524A3B9C38AD}.Release|x64.ActiveCfg = Release|Any CPU
		{277901B8-8296-4F11-B30D-524A3B9C38AD}.Release|x64.Build.0 = Release|Any CPU
		{AA008F8E-6016-4B4A-A2C5-287912DE6752}.Debug|Any CPU.ActiveCfg = Debug|Any CPU
		{AA008F8E-6016-4B4A-A2C5-287912DE6752}.Debug|Any CPU.Build.0 = Debug|Any CPU
		{AA008F8E-6016-4B4A-A2C5-287912DE6752}.Debug|x64.ActiveCfg = Debug|Any CPU
		{AA008F8E-6016-4B4A-A2C5-287912DE6752}.Debug|x64.Build.0 = Debug|Any CPU
		{AA008F8E-6016-4B4A-A2C5-287912DE6752}.Release|Any CPU.ActiveCfg = Release|Any CPU
		{AA008F8E-6016-4B4A-A2C5-287912DE6752}.Release|Any CPU.Build.0 = Release|Any CPU
		{AA008F8E-6016-4B4A-A2C5-287912DE6752}.Release|x64.ActiveCfg = Release|Any CPU
		{AA008F8E-6016-4B4A-A2C5-287912DE6752}.Release|x64.Build.0 = Release|Any CPU
		{A7B7FFA1-2711-4569-8A38-07E752BE0967}.Debug|Any CPU.ActiveCfg = Debug|Any CPU
		{A7B7FFA1-2711-4569-8A38-07E752BE0967}.Debug|Any CPU.Build.0 = Debug|Any CPU
		{A7B7FFA1-2711-4569-8A38-07E752BE0967}.Debug|x64.ActiveCfg = Debug|Any CPU
		{A7B7FFA1-2711-4569-8A38-07E752BE0967}.Debug|x64.Build.0 = Debug|Any CPU
		{A7B7FFA1-2711-4569-8A38-07E752BE0967}.Release|Any CPU.ActiveCfg = Release|Any CPU
		{A7B7FFA1-2711-4569-8A38-07E752BE0967}.Release|Any CPU.Build.0 = Release|Any CPU
		{A7B7FFA1-2711-4569-8A38-07E752BE0967}.Release|x64.ActiveCfg = Release|Any CPU
		{A7B7FFA1-2711-4569-8A38-07E752BE0967}.Release|x64.Build.0 = Release|Any CPU
		{B81FD6BC-D801-479C-AEF1-8FC16868BD98}.Debug|Any CPU.ActiveCfg = Debug|Any CPU
		{B81FD6BC-D801-479C-AEF1-8FC16868BD98}.Debug|Any CPU.Build.0 = Debug|Any CPU
		{B81FD6BC-D801-479C-AEF1-8FC16868BD98}.Debug|x64.ActiveCfg = Debug|Any CPU
		{B81FD6BC-D801-479C-AEF1-8FC16868BD98}.Debug|x64.Build.0 = Debug|Any CPU
		{B81FD6BC-D801-479C-AEF1-8FC16868BD98}.Release|Any CPU.ActiveCfg = Release|Any CPU
		{B81FD6BC-D801-479C-AEF1-8FC16868BD98}.Release|Any CPU.Build.0 = Release|Any CPU
		{B81FD6BC-D801-479C-AEF1-8FC16868BD98}.Release|x64.ActiveCfg = Release|Any CPU
		{B81FD6BC-D801-479C-AEF1-8FC16868BD98}.Release|x64.Build.0 = Release|Any CPU
		{5320CD39-1A9B-4666-9790-04097878E282}.Debug|Any CPU.ActiveCfg = Debug|Any CPU
		{5320CD39-1A9B-4666-9790-04097878E282}.Debug|Any CPU.Build.0 = Debug|Any CPU
		{5320CD39-1A9B-4666-9790-04097878E282}.Debug|x64.ActiveCfg = Debug|Any CPU
		{5320CD39-1A9B-4666-9790-04097878E282}.Debug|x64.Build.0 = Debug|Any CPU
		{5320CD39-1A9B-4666-9790-04097878E282}.Release|Any CPU.ActiveCfg = Release|Any CPU
		{5320CD39-1A9B-4666-9790-04097878E282}.Release|Any CPU.Build.0 = Release|Any CPU
		{5320CD39-1A9B-4666-9790-04097878E282}.Release|x64.ActiveCfg = Release|Any CPU
		{5320CD39-1A9B-4666-9790-04097878E282}.Release|x64.Build.0 = Release|Any CPU
		{4BC3FB7C-41FD-4486-A431-31B6E7834FCD}.Debug|Any CPU.ActiveCfg = Debug|Any CPU
		{4BC3FB7C-41FD-4486-A431-31B6E7834FCD}.Debug|Any CPU.Build.0 = Debug|Any CPU
		{4BC3FB7C-41FD-4486-A431-31B6E7834FCD}.Debug|x64.ActiveCfg = Debug|Any CPU
		{4BC3FB7C-41FD-4486-A431-31B6E7834FCD}.Debug|x64.Build.0 = Debug|Any CPU
		{4BC3FB7C-41FD-4486-A431-31B6E7834FCD}.Release|Any CPU.ActiveCfg = Release|Any CPU
		{4BC3FB7C-41FD-4486-A431-31B6E7834FCD}.Release|Any CPU.Build.0 = Release|Any CPU
		{4BC3FB7C-41FD-4486-A431-31B6E7834FCD}.Release|x64.ActiveCfg = Release|Any CPU
		{4BC3FB7C-41FD-4486-A431-31B6E7834FCD}.Release|x64.Build.0 = Release|Any CPU
		{1BCFBD00-6FB5-485B-AFE1-96D00000C36C}.Debug|Any CPU.ActiveCfg = Debug|Any CPU
		{1BCFBD00-6FB5-485B-AFE1-96D00000C36C}.Debug|Any CPU.Build.0 = Debug|Any CPU
		{1BCFBD00-6FB5-485B-AFE1-96D00000C36C}.Debug|x64.ActiveCfg = Debug|Any CPU
		{1BCFBD00-6FB5-485B-AFE1-96D00000C36C}.Debug|x64.Build.0 = Debug|Any CPU
		{1BCFBD00-6FB5-485B-AFE1-96D00000C36C}.Release|Any CPU.ActiveCfg = Release|Any CPU
		{1BCFBD00-6FB5-485B-AFE1-96D00000C36C}.Release|Any CPU.Build.0 = Release|Any CPU
		{1BCFBD00-6FB5-485B-AFE1-96D00000C36C}.Release|x64.ActiveCfg = Release|Any CPU
		{1BCFBD00-6FB5-485B-AFE1-96D00000C36C}.Release|x64.Build.0 = Release|Any CPU
		{8070A330-AFF0-4006-9490-60C6658BEF9B}.Debug|Any CPU.ActiveCfg = Debug|Any CPU
		{8070A330-AFF0-4006-9490-60C6658BEF9B}.Debug|Any CPU.Build.0 = Debug|Any CPU
		{8070A330-AFF0-4006-9490-60C6658BEF9B}.Debug|x64.ActiveCfg = Debug|Any CPU
		{8070A330-AFF0-4006-9490-60C6658BEF9B}.Debug|x64.Build.0 = Debug|Any CPU
		{8070A330-AFF0-4006-9490-60C6658BEF9B}.Release|Any CPU.ActiveCfg = Release|Any CPU
		{8070A330-AFF0-4006-9490-60C6658BEF9B}.Release|Any CPU.Build.0 = Release|Any CPU
		{8070A330-AFF0-4006-9490-60C6658BEF9B}.Release|x64.ActiveCfg = Release|Any CPU
		{8070A330-AFF0-4006-9490-60C6658BEF9B}.Release|x64.Build.0 = Release|Any CPU
		{371D65F0-E4F8-47A9-979F-FAA820242E7A}.Debug|Any CPU.ActiveCfg = Debug|Any CPU
		{371D65F0-E4F8-47A9-979F-FAA820242E7A}.Debug|Any CPU.Build.0 = Debug|Any CPU
		{371D65F0-E4F8-47A9-979F-FAA820242E7A}.Debug|x64.ActiveCfg = Debug|Any CPU
		{371D65F0-E4F8-47A9-979F-FAA820242E7A}.Debug|x64.Build.0 = Debug|Any CPU
		{371D65F0-E4F8-47A9-979F-FAA820242E7A}.Release|Any CPU.ActiveCfg = Release|Any CPU
		{371D65F0-E4F8-47A9-979F-FAA820242E7A}.Release|Any CPU.Build.0 = Release|Any CPU
		{371D65F0-E4F8-47A9-979F-FAA820242E7A}.Release|x64.ActiveCfg = Release|Any CPU
		{371D65F0-E4F8-47A9-979F-FAA820242E7A}.Release|x64.Build.0 = Release|Any CPU
		{FED7C62E-3CD8-4C2E-BF45-1A42ED161804}.Debug|Any CPU.ActiveCfg = Debug|Any CPU
		{FED7C62E-3CD8-4C2E-BF45-1A42ED161804}.Debug|Any CPU.Build.0 = Debug|Any CPU
		{FED7C62E-3CD8-4C2E-BF45-1A42ED161804}.Debug|x64.ActiveCfg = Debug|Any CPU
		{FED7C62E-3CD8-4C2E-BF45-1A42ED161804}.Debug|x64.Build.0 = Debug|Any CPU
		{FED7C62E-3CD8-4C2E-BF45-1A42ED161804}.Release|Any CPU.ActiveCfg = Release|Any CPU
		{FED7C62E-3CD8-4C2E-BF45-1A42ED161804}.Release|Any CPU.Build.0 = Release|Any CPU
		{FED7C62E-3CD8-4C2E-BF45-1A42ED161804}.Release|x64.ActiveCfg = Release|Any CPU
		{FED7C62E-3CD8-4C2E-BF45-1A42ED161804}.Release|x64.Build.0 = Release|Any CPU
		{202E4265-2819-409F-9454-D39DD6E56E27}.Debug|Any CPU.ActiveCfg = Debug|Any CPU
		{202E4265-2819-409F-9454-D39DD6E56E27}.Debug|Any CPU.Build.0 = Debug|Any CPU
		{202E4265-2819-409F-9454-D39DD6E56E27}.Debug|x64.ActiveCfg = Debug|Any CPU
		{202E4265-2819-409F-9454-D39DD6E56E27}.Debug|x64.Build.0 = Debug|Any CPU
		{202E4265-2819-409F-9454-D39DD6E56E27}.Release|Any CPU.ActiveCfg = Release|Any CPU
		{202E4265-2819-409F-9454-D39DD6E56E27}.Release|Any CPU.Build.0 = Release|Any CPU
		{202E4265-2819-409F-9454-D39DD6E56E27}.Release|x64.ActiveCfg = Release|Any CPU
		{202E4265-2819-409F-9454-D39DD6E56E27}.Release|x64.Build.0 = Release|Any CPU
		{1DF0348F-1989-4746-BB0D-7D633FF2D30F}.Debug|Any CPU.ActiveCfg = Debug|Any CPU
		{1DF0348F-1989-4746-BB0D-7D633FF2D30F}.Debug|Any CPU.Build.0 = Debug|Any CPU
		{1DF0348F-1989-4746-BB0D-7D633FF2D30F}.Debug|x64.ActiveCfg = Debug|Any CPU
		{1DF0348F-1989-4746-BB0D-7D633FF2D30F}.Debug|x64.Build.0 = Debug|Any CPU
		{1DF0348F-1989-4746-BB0D-7D633FF2D30F}.Release|Any CPU.ActiveCfg = Release|Any CPU
		{1DF0348F-1989-4746-BB0D-7D633FF2D30F}.Release|Any CPU.Build.0 = Release|Any CPU
		{1DF0348F-1989-4746-BB0D-7D633FF2D30F}.Release|x64.ActiveCfg = Release|Any CPU
		{1DF0348F-1989-4746-BB0D-7D633FF2D30F}.Release|x64.Build.0 = Release|Any CPU
		{4DA52DB2-E1E9-4C1E-BE36-B8031DC7F5BC}.Debug|Any CPU.ActiveCfg = Debug|Any CPU
		{4DA52DB2-E1E9-4C1E-BE36-B8031DC7F5BC}.Debug|Any CPU.Build.0 = Debug|Any CPU
		{4DA52DB2-E1E9-4C1E-BE36-B8031DC7F5BC}.Debug|x64.ActiveCfg = Debug|Any CPU
		{4DA52DB2-E1E9-4C1E-BE36-B8031DC7F5BC}.Debug|x64.Build.0 = Debug|Any CPU
		{4DA52DB2-E1E9-4C1E-BE36-B8031DC7F5BC}.Release|Any CPU.ActiveCfg = Release|Any CPU
		{4DA52DB2-E1E9-4C1E-BE36-B8031DC7F5BC}.Release|Any CPU.Build.0 = Release|Any CPU
		{4DA52DB2-E1E9-4C1E-BE36-B8031DC7F5BC}.Release|x64.ActiveCfg = Release|Any CPU
		{4DA52DB2-E1E9-4C1E-BE36-B8031DC7F5BC}.Release|x64.Build.0 = Release|Any CPU
		{8954F9BF-D8C8-47AC-8D41-C93E3C1381D5}.Debug|Any CPU.ActiveCfg = Debug|Any CPU
		{8954F9BF-D8C8-47AC-8D41-C93E3C1381D5}.Debug|Any CPU.Build.0 = Debug|Any CPU
		{8954F9BF-D8C8-47AC-8D41-C93E3C1381D5}.Debug|x64.ActiveCfg = Debug|Any CPU
		{8954F9BF-D8C8-47AC-8D41-C93E3C1381D5}.Debug|x64.Build.0 = Debug|Any CPU
		{8954F9BF-D8C8-47AC-8D41-C93E3C1381D5}.Release|Any CPU.ActiveCfg = Release|Any CPU
		{8954F9BF-D8C8-47AC-8D41-C93E3C1381D5}.Release|Any CPU.Build.0 = Release|Any CPU
		{8954F9BF-D8C8-47AC-8D41-C93E3C1381D5}.Release|x64.ActiveCfg = Release|Any CPU
		{8954F9BF-D8C8-47AC-8D41-C93E3C1381D5}.Release|x64.Build.0 = Release|Any CPU
		{469AB05D-E222-40DE-B200-AF80EA0D4A90}.Debug|Any CPU.ActiveCfg = Debug|Any CPU
		{469AB05D-E222-40DE-B200-AF80EA0D4A90}.Debug|Any CPU.Build.0 = Debug|Any CPU
		{469AB05D-E222-40DE-B200-AF80EA0D4A90}.Debug|x64.ActiveCfg = Debug|Any CPU
		{469AB05D-E222-40DE-B200-AF80EA0D4A90}.Debug|x64.Build.0 = Debug|Any CPU
		{469AB05D-E222-40DE-B200-AF80EA0D4A90}.Release|Any CPU.ActiveCfg = Release|Any CPU
		{469AB05D-E222-40DE-B200-AF80EA0D4A90}.Release|Any CPU.Build.0 = Release|Any CPU
		{469AB05D-E222-40DE-B200-AF80EA0D4A90}.Release|x64.ActiveCfg = Release|Any CPU
		{469AB05D-E222-40DE-B200-AF80EA0D4A90}.Release|x64.Build.0 = Release|Any CPU
		{263B930F-4E47-4D46-ACD4-4C417BF17CB4}.Debug|Any CPU.ActiveCfg = Debug|Any CPU
		{263B930F-4E47-4D46-ACD4-4C417BF17CB4}.Debug|Any CPU.Build.0 = Debug|Any CPU
		{263B930F-4E47-4D46-ACD4-4C417BF17CB4}.Debug|x64.ActiveCfg = Debug|Any CPU
		{263B930F-4E47-4D46-ACD4-4C417BF17CB4}.Debug|x64.Build.0 = Debug|Any CPU
		{263B930F-4E47-4D46-ACD4-4C417BF17CB4}.Release|Any CPU.ActiveCfg = Release|Any CPU
		{263B930F-4E47-4D46-ACD4-4C417BF17CB4}.Release|Any CPU.Build.0 = Release|Any CPU
		{263B930F-4E47-4D46-ACD4-4C417BF17CB4}.Release|x64.ActiveCfg = Release|Any CPU
		{263B930F-4E47-4D46-ACD4-4C417BF17CB4}.Release|x64.Build.0 = Release|Any CPU
		{A03B147C-FC30-4548-9EBF-4C22A8F94B54}.Debug|Any CPU.ActiveCfg = Debug|Any CPU
		{A03B147C-FC30-4548-9EBF-4C22A8F94B54}.Debug|Any CPU.Build.0 = Debug|Any CPU
		{A03B147C-FC30-4548-9EBF-4C22A8F94B54}.Debug|x64.ActiveCfg = Debug|Any CPU
		{A03B147C-FC30-4548-9EBF-4C22A8F94B54}.Debug|x64.Build.0 = Debug|Any CPU
		{A03B147C-FC30-4548-9EBF-4C22A8F94B54}.Release|Any CPU.ActiveCfg = Release|Any CPU
		{A03B147C-FC30-4548-9EBF-4C22A8F94B54}.Release|Any CPU.Build.0 = Release|Any CPU
		{A03B147C-FC30-4548-9EBF-4C22A8F94B54}.Release|x64.ActiveCfg = Release|Any CPU
		{A03B147C-FC30-4548-9EBF-4C22A8F94B54}.Release|x64.Build.0 = Release|Any CPU
	EndGlobalSection
	GlobalSection(SolutionProperties) = preSolution
		HideSolutionNode = FALSE
	EndGlobalSection
	GlobalSection(NestedProjects) = preSolution
		{92346257-C41A-4ED6-9ED3-7C5766944D65} = {12FA1970-9379-4EC5-A863-8DA2182FB342}
		{51C26D92-F7D6-4842-8FD4-4F2A57D3A7AC} = {12FA1970-9379-4EC5-A863-8DA2182FB342}
		{87331E69-9D0E-43A9-A27C-F67B96E52F93} = {12FA1970-9379-4EC5-A863-8DA2182FB342}
		{773FB873-4C14-4D34-93A4-555AC5467FAE} = {87331E69-9D0E-43A9-A27C-F67B96E52F93}
		{D92BCB4A-8DB4-4FB8-8A06-9A4FCBEB40FC} = {12FA1970-9379-4EC5-A863-8DA2182FB342}
		{049A064F-010B-40DF-8DC7-4D34ABDABA6D} = {D92BCB4A-8DB4-4FB8-8A06-9A4FCBEB40FC}
		{083631B2-26B3-4CD2-BB46-2F9A20DB06B6} = {92346257-C41A-4ED6-9ED3-7C5766944D65}
		{B59DDA39-F7B8-473D-B3FF-2F2113D63305} = {92346257-C41A-4ED6-9ED3-7C5766944D65}
		{132B4D45-97FC-4918-A8A0-246F4E5D63DD} = {92346257-C41A-4ED6-9ED3-7C5766944D65}
		{440E6692-403E-44D5-8C05-5C4FBE6708E8} = {87331E69-9D0E-43A9-A27C-F67B96E52F93}
		{6C14990A-B998-4957-A14C-9E551C888CBC} = {440E6692-403E-44D5-8C05-5C4FBE6708E8}
		{2DC8F7B6-EEAF-4B47-9E0E-8AFF17FD7FC2} = {440E6692-403E-44D5-8C05-5C4FBE6708E8}
		{2288685C-A540-4E59-B842-527B01B397A7} = {D85FA31F-4238-4AE6-9939-7F6629AD246B}
		{9F548E10-73DB-4798-A282-7E083880F2B1} = {14891232-DAF9-4610-8A35-55F64DF2BF40}
		{277901B8-8296-4F11-B30D-524A3B9C38AD} = {14891232-DAF9-4610-8A35-55F64DF2BF40}
		{AA008F8E-6016-4B4A-A2C5-287912DE6752} = {14891232-DAF9-4610-8A35-55F64DF2BF40}
		{A7B7FFA1-2711-4569-8A38-07E752BE0967} = {14891232-DAF9-4610-8A35-55F64DF2BF40}
		{B81FD6BC-D801-479C-AEF1-8FC16868BD98} = {14891232-DAF9-4610-8A35-55F64DF2BF40}
		{5320CD39-1A9B-4666-9790-04097878E282} = {14891232-DAF9-4610-8A35-55F64DF2BF40}
		{4BC3FB7C-41FD-4486-A431-31B6E7834FCD} = {25671595-ACC9-4891-A465-2BDB0C86332D}
		{1BCFBD00-6FB5-485B-AFE1-96D00000C36C} = {25671595-ACC9-4891-A465-2BDB0C86332D}
		{8070A330-AFF0-4006-9490-60C6658BEF9B} = {25671595-ACC9-4891-A465-2BDB0C86332D}
		{371D65F0-E4F8-47A9-979F-FAA820242E7A} = {25671595-ACC9-4891-A465-2BDB0C86332D}
		{FED7C62E-3CD8-4C2E-BF45-1A42ED161804} = {73F28606-2C4E-47B3-A336-890329ECE501}
		{202E4265-2819-409F-9454-D39DD6E56E27} = {73F28606-2C4E-47B3-A336-890329ECE501}
		{1DF0348F-1989-4746-BB0D-7D633FF2D30F} = {73F28606-2C4E-47B3-A336-890329ECE501}
		{4DA52DB2-E1E9-4C1E-BE36-B8031DC7F5BC} = {73F28606-2C4E-47B3-A336-890329ECE501}
		{8954F9BF-D8C8-47AC-8D41-C93E3C1381D5} = {73F28606-2C4E-47B3-A336-890329ECE501}
		{469AB05D-E222-40DE-B200-AF80EA0D4A90} = {92346257-C41A-4ED6-9ED3-7C5766944D65}
		{263B930F-4E47-4D46-ACD4-4C417BF17CB4} = {92346257-C41A-4ED6-9ED3-7C5766944D65}
		{A03B147C-FC30-4548-9EBF-4C22A8F94B54} = {73F28606-2C4E-47B3-A336-890329ECE501}
	EndGlobalSection
	GlobalSection(ExtensibilityGlobals) = postSolution
		SolutionGuid = {016035FB-96EE-48E4-9267-BE3E7F531CB7}
	EndGlobalSection
EndGlobal
